
Microsoft Visual Studio Solution File, Format Version 12.00
# Visual Studio Version 16
VisualStudioVersion = 16.0.30128.74
MinimumVisualStudioVersion = 10.0.40219.1
Project("{FAE04EC0-301F-11D3-BF4B-00C04F79EFBC}") = "Engine", "Engine\Engine.csproj", "{6C5A035B-150A-4C10-A0FA-C100D69EDA95}"
EndProject
Project("{FAE04EC0-301F-11D3-BF4B-00C04F79EFBC}") = "EngineCompiler", "ConsoleApp1\EngineCompiler.csproj", "{C818EA20-6A46-4F3F-8DE3-8B722D3FCECD}"
EndProject
Project("{2150E333-8FDC-42A3-9474-1A3956D46DE8}") = "Solution Items", "Solution Items", "{CA28ECC7-F0D5-41C5-B5CF-221ED662BF15}"
	ProjectSection(SolutionItems) = preProject
		PixBlocksCode.py = PixBlocksCode.py
		PixBlocksCodeDEV.py = PixBlocksCodeDEV.py
	EndProjectSection
EndProject
Global
	GlobalSection(SolutionConfigurationPlatforms) = preSolution
		Debug|Any CPU = Debug|Any CPU
		Release|Any CPU = Release|Any CPU
	EndGlobalSection
	GlobalSection(ProjectConfigurationPlatforms) = postSolution
		{6C5A035B-150A-4C10-A0FA-C100D69EDA95}.Debug|Any CPU.ActiveCfg = Debug|Any CPU
		{6C5A035B-150A-4C10-A0FA-C100D69EDA95}.Debug|Any CPU.Build.0 = Debug|Any CPU
		{6C5A035B-150A-4C10-A0FA-C100D69EDA95}.Release|Any CPU.ActiveCfg = Release|Any CPU
		{6C5A035B-150A-4C10-A0FA-C100D69EDA95}.Release|Any CPU.Build.0 = Release|Any CPU
		{C818EA20-6A46-4F3F-8DE3-8B722D3FCECD}.Debug|Any CPU.ActiveCfg = Debug|Any CPU
		{C818EA20-6A46-4F3F-8DE3-8B722D3FCECD}.Debug|Any CPU.Build.0 = Debug|Any CPU
		{C818EA20-6A46-4F3F-8DE3-8B722D3FCECD}.Release|Any CPU.ActiveCfg = Release|Any CPU
		{C818EA20-6A46-4F3F-8DE3-8B722D3FCECD}.Release|Any CPU.Build.0 = Release|Any CPU
	EndGlobalSection
	GlobalSection(SolutionProperties) = preSolution
		HideSolutionNode = FALSE
	EndGlobalSection
	GlobalSection(ExtensibilityGlobals) = postSolution
		SolutionGuid = {9D1C4E9A-1A2B-44EF-9919-9A88902A74B3}
	EndGlobalSection
EndGlobal
